{
  "lib/forge-std": {
    "tag": {
      "name": "v1.7.6",
      "rev": "ae570fec082bfe1c1f45b0acca4a2b4f84d345ce"
    }
  },
  "lib/openzeppelin-contracts": {
    "tag": {
      "name": "v4.9.6",
      "rev": "dc44c9f1a4c3b10af99492eed84f83ed244203f6"
    }
  },
  "lib/safe-contracts": {
    "tag": {
      "name": "v1.3.0",
      "rev": "186a21a74b327f17fc41217a927dea7064f74604"
    }
  }
}